
Microsoft Visual Studio Solution File, Format Version 12.00
# Visual Studio Version 17
VisualStudioVersion = 17.0.32126.317
MinimumVisualStudioVersion = 10.0.40219.1
Project("{FAE04EC0-301F-11D3-BF4B-00C04F79EFBC}") = "IMT", "Solution\IMT.csproj", "{D9092FDC-3226-42CD-A589-86048902BB20}"
EndProject
Project("{FAE04EC0-301F-11D3-BF4B-00C04F79EFBC}") = "Massiv", "Massiv\Massiv.csproj", "{FB8DD832-B5B6-443C-A335-1D5AECB36A22}"
EndProject
Project("{FAE04EC0-301F-11D3-BF4B-00C04F79EFBC}") = "Sred", "Sred\Sred.csproj", "{8673606D-B47E-4EFA-999F-F9B49419E962}"
EndProject
Project("{2150E333-8FDC-42A3-9474-1A3956D46DE8}") = "Dz1", "Dz1", "{D0A5894E-0999-478E-8702-FF00726CAD6E}"
EndProject
Project("{2150E333-8FDC-42A3-9474-1A3956D46DE8}") = "Dz2", "Dz2", "{DAEA29CB-5026-4EE1-84FD-051239C21992}"
EndProject
Project("{FAE04EC0-301F-11D3-BF4B-00C04F79EFBC}") = "WordCount", "WordCount\WordCount.csproj", "{0D383D77-C411-4534-B516-DC320D3D932F}"
EndProject
Global
	GlobalSection(SolutionConfigurationPlatforms) = preSolution
		Debug|Any CPU = Debug|Any CPU
		Release|Any CPU = Release|Any CPU
	EndGlobalSection
	GlobalSection(ProjectConfigurationPlatforms) = postSolution
		{D9092FDC-3226-42CD-A589-86048902BB20}.Debug|Any CPU.ActiveCfg = Debug|Any CPU
		{D9092FDC-3226-42CD-A589-86048902BB20}.Debug|Any CPU.Build.0 = Debug|Any CPU
		{D9092FDC-3226-42CD-A589-86048902BB20}.Release|Any CPU.ActiveCfg = Release|Any CPU
		{D9092FDC-3226-42CD-A589-86048902BB20}.Release|Any CPU.Build.0 = Release|Any CPU
		{FB8DD832-B5B6-443C-A335-1D5AECB36A22}.Debug|Any CPU.ActiveCfg = Debug|Any CPU
		{FB8DD832-B5B6-443C-A335-1D5AECB36A22}.Debug|Any CPU.Build.0 = Debug|Any CPU
		{FB8DD832-B5B6-443C-A335-1D5AECB36A22}.Release|Any CPU.ActiveCfg = Release|Any CPU
		{FB8DD832-B5B6-443C-A335-1D5AECB36A22}.Release|Any CPU.Build.0 = Release|Any CPU
		{8673606D-B47E-4EFA-999F-F9B49419E962}.Debug|Any CPU.ActiveCfg = Debug|Any CPU
		{8673606D-B47E-4EFA-999F-F9B49419E962}.Debug|Any CPU.Build.0 = Debug|Any CPU
		{8673606D-B47E-4EFA-999F-F9B49419E962}.Release|Any CPU.ActiveCfg = Release|Any CPU
		{8673606D-B47E-4EFA-999F-F9B49419E962}.Release|Any CPU.Build.0 = Release|Any CPU
		{0D383D77-C411-4534-B516-DC320D3D932F}.Debug|Any CPU.ActiveCfg = Debug|Any CPU
		{0D383D77-C411-4534-B516-DC320D3D932F}.Debug|Any CPU.Build.0 = Debug|Any CPU
		{0D383D77-C411-4534-B516-DC320D3D932F}.Release|Any CPU.ActiveCfg = Release|Any CPU
		{0D383D77-C411-4534-B516-DC320D3D932F}.Release|Any CPU.Build.0 = Release|Any CPU
	EndGlobalSection
	GlobalSection(SolutionProperties) = preSolution
		HideSolutionNode = FALSE
	EndGlobalSection
	GlobalSection(NestedProjects) = preSolution
		{D9092FDC-3226-42CD-A589-86048902BB20} = {D0A5894E-0999-478E-8702-FF00726CAD6E}
		{FB8DD832-B5B6-443C-A335-1D5AECB36A22} = {D0A5894E-0999-478E-8702-FF00726CAD6E}
		{8673606D-B47E-4EFA-999F-F9B49419E962} = {D0A5894E-0999-478E-8702-FF00726CAD6E}
		{0D383D77-C411-4534-B516-DC320D3D932F} = {DAEA29CB-5026-4EE1-84FD-051239C21992}
	EndGlobalSection
	GlobalSection(ExtensibilityGlobals) = postSolution
		SolutionGuid = {C7601BEC-9951-46CC-BB2B-CA363B50C50B}
	EndGlobalSection
EndGlobal
